
Microsoft Visual Studio Solution File, Format Version 12.00
# Visual Studio Version 17
VisualStudioVersion = 17.14.36414.22
MinimumVisualStudioVersion = 10.0.40219.1
Project("{FAE04EC0-301F-11D3-BF4B-00C04F79EFBC}") = "Bermondsey", "Bermondsey\Bermondsey.csproj", "{07513E62-CF60-485B-B589-78555EC7597D}"
EndProject
Project("{FAE04EC0-301F-11D3-BF4B-00C04F79EFBC}") = "Bermondsey.Unit.Tests", "Bermondsey.Unit.Tests\Bermondsey.Unit.Tests.csproj", "{359464DA-CECE-7F30-B077-B089F70C5F4B}"
EndProject
Project("{FAE04EC0-301F-11D3-BF4B-00C04F79EFBC}") = "Bermondsey.Integration.Tests", "Bermondsey.Integration.Tests\Bermondsey.Integration.Tests.csproj", "{3C28EF7B-65A6-ACA5-4A1B-2B7A34D1A6F6}"
EndProject
Global
	GlobalSection(SolutionConfigurationPlatforms) = preSolution
		Debug|Any CPU = Debug|Any CPU
		Release|Any CPU = Release|Any CPU
	EndGlobalSection
	GlobalSection(ProjectConfigurationPlatforms) = postSolution
		{07513E62-CF60-485B-B589-78555EC7597D}.Debug|Any CPU.ActiveCfg = Debug|Any CPU
		{07513E62-CF60-485B-B589-78555EC7597D}.Debug|Any CPU.Build.0 = Debug|Any CPU
		{07513E62-CF60-485B-B589-78555EC7597D}.Release|Any CPU.ActiveCfg = Release|Any CPU
		{07513E62-CF60-485B-B589-78555EC7597D}.Release|Any CPU.Build.0 = Release|Any CPU
		{359464DA-CECE-7F30-B077-B089F70C5F4B}.Debug|Any CPU.ActiveCfg = Debug|Any CPU
		{359464DA-CECE-7F30-B077-B089F70C5F4B}.Debug|Any CPU.Build.0 = Debug|Any CPU
		{359464DA-CECE-7F30-B077-B089F70C5F4B}.Release|Any CPU.ActiveCfg = Release|Any CPU
		{359464DA-CECE-7F30-B077-B089F70C5F4B}.Release|Any CPU.Build.0 = Release|Any CPU
		{3C28EF7B-65A6-ACA5-4A1B-2B7A34D1A6F6}.Debug|Any CPU.ActiveCfg = Debug|Any CPU
		{3C28EF7B-65A6-ACA5-4A1B-2B7A34D1A6F6}.Debug|Any CPU.Build.0 = Debug|Any CPU
		{3C28EF7B-65A6-ACA5-4A1B-2B7A34D1A6F6}.Release|Any CPU.ActiveCfg = Release|Any CPU
		{3C28EF7B-65A6-ACA5-4A1B-2B7A34D1A6F6}.Release|Any CPU.Build.0 = Release|Any CPU
	EndGlobalSection
	GlobalSection(SolutionProperties) = preSolution
		HideSolutionNode = FALSE
	EndGlobalSection
	GlobalSection(ExtensibilityGlobals) = postSolution
		SolutionGuid = {6BDF407B-395C-4FAF-A46A-0B7E65435EFF}
	EndGlobalSection
EndGlobal
